{
	"name": "sofash",
	"lockfileVersion": 3,
	"requires": true,
	"packages": {
		"": {
			"name": "sofash",
			"os": [
				"darwin",
				"linux"
			],
			"workspaces": [
				"packages/*"
			],
			"devDependencies": {
				"@biomejs/biome": "^1.8.3",
				"lefthook": "^1.7.5"
			},
			"engines": {
				"node": ">=22"
			}
		},
		"node_modules/@biomejs/biome": {
			"version": "1.8.3",
			"resolved": "https://registry.npmjs.org/@biomejs/biome/-/biome-1.8.3.tgz",
			"integrity": "sha512-/uUV3MV+vyAczO+vKrPdOW0Iaet7UnJMU4bNMinggGJTAnBPjCoLEYcyYtYHNnUNYlv4xZMH6hVIQCAozq8d5w==",
			"dev": true,
			"hasInstallScript": true,
			"bin": {
				"biome": "bin/biome"
			},
			"engines": {
				"node": ">=14.21.3"
			},
			"funding": {
				"type": "opencollective",
				"url": "https://opencollective.com/biome"
			},
			"optionalDependencies": {
				"@biomejs/cli-darwin-arm64": "1.8.3",
				"@biomejs/cli-darwin-x64": "1.8.3",
				"@biomejs/cli-linux-arm64": "1.8.3",
				"@biomejs/cli-linux-arm64-musl": "1.8.3",
				"@biomejs/cli-linux-x64": "1.8.3",
				"@biomejs/cli-linux-x64-musl": "1.8.3",
				"@biomejs/cli-win32-arm64": "1.8.3",
				"@biomejs/cli-win32-x64": "1.8.3"
			}
		},
		"node_modules/@biomejs/cli-darwin-arm64": {
			"version": "1.8.3",
			"resolved": "https://registry.npmjs.org/@biomejs/cli-darwin-arm64/-/cli-darwin-arm64-1.8.3.tgz",
			"integrity": "sha512-9DYOjclFpKrH/m1Oz75SSExR8VKvNSSsLnVIqdnKexj6NwmiMlKk94Wa1kZEdv6MCOHGHgyyoV57Cw8WzL5n3A==",
			"cpu": [
				"arm64"
			],
			"dev": true,
			"optional": true,
			"os": [
				"darwin"
			],
			"engines": {
				"node": ">=14.21.3"
			}
		},
		"node_modules/@biomejs/cli-darwin-x64": {
			"version": "1.8.3",
			"resolved": "https://registry.npmjs.org/@biomejs/cli-darwin-x64/-/cli-darwin-x64-1.8.3.tgz",
			"integrity": "sha512-UeW44L/AtbmOF7KXLCoM+9PSgPo0IDcyEUfIoOXYeANaNXXf9mLUwV1GeF2OWjyic5zj6CnAJ9uzk2LT3v/wAw==",
			"cpu": [
				"x64"
			],
			"dev": true,
			"optional": true,
			"os": [
				"darwin"
			],
			"engines": {
				"node": ">=14.21.3"
			}
		},
		"node_modules/@biomejs/cli-linux-arm64": {
			"version": "1.8.3",
			"resolved": "https://registry.npmjs.org/@biomejs/cli-linux-arm64/-/cli-linux-arm64-1.8.3.tgz",
			"integrity": "sha512-fed2ji8s+I/m8upWpTJGanqiJ0rnlHOK3DdxsyVLZQ8ClY6qLuPc9uehCREBifRJLl/iJyQpHIRufLDeotsPtw==",
			"cpu": [
				"arm64"
			],
			"dev": true,
			"optional": true,
			"os": [
				"linux"
			],
			"engines": {
				"node": ">=14.21.3"
			}
		},
		"node_modules/@biomejs/cli-linux-arm64-musl": {
			"version": "1.8.3",
			"resolved": "https://registry.npmjs.org/@biomejs/cli-linux-arm64-musl/-/cli-linux-arm64-musl-1.8.3.tgz",
			"integrity": "sha512-9yjUfOFN7wrYsXt/T/gEWfvVxKlnh3yBpnScw98IF+oOeCYb5/b/+K7YNqKROV2i1DlMjg9g/EcN9wvj+NkMuQ==",
			"cpu": [
				"arm64"
			],
			"dev": true,
			"optional": true,
			"os": [
				"linux"
			],
			"engines": {
				"node": ">=14.21.3"
			}
		},
		"node_modules/@biomejs/cli-linux-x64": {
			"version": "1.8.3",
			"resolved": "https://registry.npmjs.org/@biomejs/cli-linux-x64/-/cli-linux-x64-1.8.3.tgz",
			"integrity": "sha512-I8G2QmuE1teISyT8ie1HXsjFRz9L1m5n83U1O6m30Kw+kPMPSKjag6QGUn+sXT8V+XWIZxFFBoTDEDZW2KPDDw==",
			"cpu": [
				"x64"
			],
			"dev": true,
			"optional": true,
			"os": [
				"linux"
			],
			"engines": {
				"node": ">=14.21.3"
			}
		},
		"node_modules/@biomejs/cli-linux-x64-musl": {
			"version": "1.8.3",
			"resolved": "https://registry.npmjs.org/@biomejs/cli-linux-x64-musl/-/cli-linux-x64-musl-1.8.3.tgz",
			"integrity": "sha512-UHrGJX7PrKMKzPGoEsooKC9jXJMa28TUSMjcIlbDnIO4EAavCoVmNQaIuUSH0Ls2mpGMwUIf+aZJv657zfWWjA==",
			"cpu": [
				"x64"
			],
			"dev": true,
			"optional": true,
			"os": [
				"linux"
			],
			"engines": {
				"node": ">=14.21.3"
			}
		},
		"node_modules/@biomejs/cli-win32-arm64": {
			"version": "1.8.3",
			"resolved": "https://registry.npmjs.org/@biomejs/cli-win32-arm64/-/cli-win32-arm64-1.8.3.tgz",
			"integrity": "sha512-J+Hu9WvrBevfy06eU1Na0lpc7uR9tibm9maHynLIoAjLZpQU3IW+OKHUtyL8p6/3pT2Ju5t5emReeIS2SAxhkQ==",
			"cpu": [
				"arm64"
			],
			"dev": true,
			"optional": true,
			"os": [
				"win32"
			],
			"engines": {
				"node": ">=14.21.3"
			}
		},
		"node_modules/@biomejs/cli-win32-x64": {
			"version": "1.8.3",
			"resolved": "https://registry.npmjs.org/@biomejs/cli-win32-x64/-/cli-win32-x64-1.8.3.tgz",
			"integrity": "sha512-/PJ59vA1pnQeKahemaQf4Nyj7IKUvGQSc3Ze1uIGi+Wvr1xF7rGobSrAAG01T/gUDG21vkDsZYM03NAmPiVkqg==",
			"cpu": [
				"x64"
			],
			"dev": true,
			"optional": true,
			"os": [
				"win32"
			],
			"engines": {
				"node": ">=14.21.3"
			}
		},
		"node_modules/@sofash/cli": {
			"resolved": "packages/cli",
			"link": true
		},
		"node_modules/@total-typescript/ts-reset": {
			"version": "0.5.1",
			"resolved": "https://registry.npmjs.org/@total-typescript/ts-reset/-/ts-reset-0.5.1.tgz",
			"integrity": "sha512-AqlrT8YA1o7Ff5wPfMOL0pvL+1X+sw60NN6CcOCqs658emD6RfiXhF7Gu9QcfKBH7ELY2nInLhKSCWVoNL70MQ==",
			"dev": true
		},
		"node_modules/@types/node": {
			"version": "20.14.11",
			"resolved": "https://registry.npmjs.org/@types/node/-/node-20.14.11.tgz",
			"integrity": "sha512-kprQpL8MMeszbz6ojB5/tU8PLN4kesnN8Gjzw349rDlNgsSzg90lAVj3llK99Dh7JON+t9AuscPPFW6mPbTnSA==",
			"dev": true,
			"license": "MIT",
			"dependencies": {
				"undici-types": "~5.26.4"
			}
		},
		"node_modules/balanced-match": {
			"version": "1.0.2",
			"resolved": "https://registry.npmjs.org/balanced-match/-/balanced-match-1.0.2.tgz",
			"integrity": "sha512-3oSeUO0TMV67hN1AmbXsK4yaqU7tjiHlbxRDZOpH0KW9+CeX4bRAaX0Anxt0tx2MrpRpWwQaPwIlISEJhYU5Pw==",
			"dev": true
		},
		"node_modules/brace-expansion": {
			"version": "1.1.11",
			"resolved": "https://registry.npmjs.org/brace-expansion/-/brace-expansion-1.1.11.tgz",
			"integrity": "sha512-iCuPHDFgrHX7H2vEI/5xpz07zSHB00TpugqhmYtVmMO6518mCuRMoOYFldEBl0g187ufozdaHgWKcYFb61qGiA==",
			"dev": true,
			"dependencies": {
				"balanced-match": "^1.0.0",
				"concat-map": "0.0.1"
			}
		},
		"node_modules/concat-map": {
			"version": "0.0.1",
			"resolved": "https://registry.npmjs.org/concat-map/-/concat-map-0.0.1.tgz",
			"integrity": "sha512-/Srv4dswyQNBfohGpz9o6Yb3Gz3SrUDqBH5rTuhGR7ahtlbYKnVxw2bCFMRljaA7EXHaXZ8wsHdodFvbkhKmqg==",
			"dev": true
		},
		"node_modules/consola": {
			"version": "3.2.3",
			"resolved": "https://registry.npmjs.org/consola/-/consola-3.2.3.tgz",
			"integrity": "sha512-I5qxpzLv+sJhTVEoLYNcTW+bThDCPsit0vLNKShZx6rLtpilNpmmeTPaeqJb9ZE9dV3DGaeby6Vuhrw38WjeyQ==",
			"engines": {
				"node": "^14.18.0 || >=16.10.0"
			}
		},
		"node_modules/date-fns": {
			"version": "3.6.0",
			"resolved": "https://registry.npmjs.org/date-fns/-/date-fns-3.6.0.tgz",
			"integrity": "sha512-fRHTG8g/Gif+kSh50gaGEdToemgfj74aRX3swtiouboip5JDLAyDE9F11nHMIcvOaXeOC6D7SpNhi7uFyB7Uww==",
			"funding": {
				"type": "github",
				"url": "https://github.com/sponsors/kossnocorp"
			}
		},
		"node_modules/date-fns-tz": {
			"version": "3.1.3",
			"resolved": "https://registry.npmjs.org/date-fns-tz/-/date-fns-tz-3.1.3.tgz",
			"integrity": "sha512-ZfbMu+nbzW0mEzC8VZrLiSWvUIaI3aRHeq33mTe7Y38UctKukgqPR4nTDwcwS4d64Gf8GghnVsroBuMY3eiTeA==",
			"peerDependencies": {
				"date-fns": "^3.0.0"
			}
		},
		"node_modules/fs.realpath": {
			"version": "1.0.0",
			"resolved": "https://registry.npmjs.org/fs.realpath/-/fs.realpath-1.0.0.tgz",
			"integrity": "sha512-OO0pH2lK6a0hZnAdau5ItzHPI6pUlvI7jMVnxUQRtw4owF2wk8lOSabtGDCTP4Ggrg2MbGnWO9X8K1t4+fGMDw==",
			"dev": true
		},
		"node_modules/function-bind": {
			"version": "1.1.2",
			"resolved": "https://registry.npmjs.org/function-bind/-/function-bind-1.1.2.tgz",
			"integrity": "sha512-7XHNxH7qX9xG5mIwxkhumTox/MIRNcOgDrxWsMt2pAr23WHp6MrRlN7FBSFpCpr+oVO0F744iUgR82nJMfG2SA==",
			"dev": true,
			"funding": {
				"url": "https://github.com/sponsors/ljharb"
			}
		},
		"node_modules/glob": {
			"version": "7.2.3",
			"resolved": "https://registry.npmjs.org/glob/-/glob-7.2.3.tgz",
			"integrity": "sha512-nFR0zLpU2YCaRxwoCJvL6UvCH2JFyFVIvwTLsIf21AuHlMskA1hhTdk+LlYJtOlYt9v6dvszD2BGRqBL+iQK9Q==",
			"deprecated": "Glob versions prior to v9 are no longer supported",
			"dev": true,
			"dependencies": {
				"fs.realpath": "^1.0.0",
				"inflight": "^1.0.4",
				"inherits": "2",
				"minimatch": "^3.1.1",
				"once": "^1.3.0",
				"path-is-absolute": "^1.0.0"
			},
			"engines": {
				"node": "*"
			},
			"funding": {
				"url": "https://github.com/sponsors/isaacs"
			}
		},
		"node_modules/hasown": {
			"version": "2.0.2",
			"resolved": "https://registry.npmjs.org/hasown/-/hasown-2.0.2.tgz",
			"integrity": "sha512-0hJU9SCPvmMzIBdZFqNPXWa6dqh7WdH0cII9y+CyS8rG3nL48Bclra9HmKhVVUHyPWNH5Y7xDwAB7bfgSjkUMQ==",
			"dev": true,
			"dependencies": {
				"function-bind": "^1.1.2"
			},
			"engines": {
				"node": ">= 0.4"
			}
		},
		"node_modules/ical-generator": {
			"version": "7.1.0",
			"resolved": "https://registry.npmjs.org/ical-generator/-/ical-generator-7.1.0.tgz",
			"integrity": "sha512-mv7wW35+YHbaFDQGgFPSnn+SOiN805UvQL8VaMye6F6AgTQCDlT8dc0XIndCHgp22KvOdJ0po795QHoPIAq+kA==",
			"dependencies": {
				"uuid-random": "^1.3.2"
			},
			"engines": {
				"node": ">=18.0.0"
			},
			"peerDependencies": {
				"@touch4it/ical-timezones": ">=1.6.0",
				"@types/luxon": ">= 1.26.0",
				"@types/mocha": ">= 8.2.1",
				"dayjs": ">= 1.10.0",
				"luxon": ">= 1.26.0",
				"moment": ">= 2.29.0",
				"moment-timezone": ">= 0.5.33",
				"rrule": ">= 2.6.8"
			},
			"peerDependenciesMeta": {
				"@touch4it/ical-timezones": {
					"optional": true
				},
				"@types/luxon": {
					"optional": true
				},
				"@types/mocha": {
					"optional": true
				},
				"@types/node": {
					"optional": true
				},
				"dayjs": {
					"optional": true
				},
				"luxon": {
					"optional": true
				},
				"moment": {
					"optional": true
				},
				"moment-timezone": {
					"optional": true
				},
				"rrule": {
					"optional": true
				}
			}
		},
		"node_modules/inflight": {
			"version": "1.0.6",
			"resolved": "https://registry.npmjs.org/inflight/-/inflight-1.0.6.tgz",
			"integrity": "sha512-k92I/b08q4wvFscXCLvqfsHCrjrF7yiXsQuIVvVE7N82W3+aqpzuUdBbfhWcy/FZR3/4IgflMgKLOsvPDrGCJA==",
			"deprecated": "This module is not supported, and leaks memory. Do not use it. Check out lru-cache if you want a good and tested way to coalesce async requests by a key value, which is much more comprehensive and powerful.",
			"dev": true,
			"dependencies": {
				"once": "^1.3.0",
				"wrappy": "1"
			}
		},
		"node_modules/inherits": {
			"version": "2.0.4",
			"resolved": "https://registry.npmjs.org/inherits/-/inherits-2.0.4.tgz",
			"integrity": "sha512-k/vGaX4/Yla3WzyMCvTQOXYeIHvqOKtnqBduzTHpzpQZzAskKMhZ2K+EnBiSM9zGSoIFeMpXKxa4dYeZIQqewQ==",
			"dev": true
		},
		"node_modules/interpret": {
			"version": "1.4.0",
			"resolved": "https://registry.npmjs.org/interpret/-/interpret-1.4.0.tgz",
			"integrity": "sha512-agE4QfB2Lkp9uICn7BAqoscw4SZP9kTE2hxiFI3jBPmXJfdqiahTbUuKGsMoN2GtqL9AxhYioAcVvgsb1HvRbA==",
			"dev": true,
			"engines": {
				"node": ">= 0.10"
			}
		},
		"node_modules/is-core-module": {
			"version": "2.15.0",
			"resolved": "https://registry.npmjs.org/is-core-module/-/is-core-module-2.15.0.tgz",
			"integrity": "sha512-Dd+Lb2/zvk9SKy1TGCt1wFJFo/MWBPMX5x7KcvLajWTGuomczdQX61PvY5yK6SVACwpoexWo81IfFyoKY2QnTA==",
			"dev": true,
			"dependencies": {
				"hasown": "^2.0.2"
			},
			"engines": {
				"node": ">= 0.4"
			},
			"funding": {
				"url": "https://github.com/sponsors/ljharb"
			}
		},
		"node_modules/lefthook": {
			"version": "1.7.5",
			"resolved": "https://registry.npmjs.org/lefthook/-/lefthook-1.7.5.tgz",
			"integrity": "sha512-pQ4fZaflyUS0Wn+ZH9Nk43n4ShErqh48K04+GXU8IKCu4jU3kUTZkQeYeAtaMzTR5bMHR3epEGxdnLt1z2edNQ==",
			"dev": true,
			"hasInstallScript": true,
			"bin": {
				"lefthook": "bin/index.js"
			},
			"optionalDependencies": {
				"lefthook-darwin-arm64": "1.7.5",
				"lefthook-darwin-x64": "1.7.5",
				"lefthook-freebsd-arm64": "1.7.5",
				"lefthook-freebsd-x64": "1.7.5",
				"lefthook-linux-arm64": "1.7.5",
				"lefthook-linux-x64": "1.7.5",
				"lefthook-windows-arm64": "1.7.5",
				"lefthook-windows-x64": "1.7.5"
			}
		},
		"node_modules/lefthook-darwin-arm64": {
			"version": "1.7.5",
			"resolved": "https://registry.npmjs.org/lefthook-darwin-arm64/-/lefthook-darwin-arm64-1.7.5.tgz",
			"integrity": "sha512-RGLMPmcTBisxT3q0VEsFkEIUyzDa47Yd7M8RJbSeAg1mFyc8LNANV7WK2GHoc9+5OTqu2OAl5tJBkfijBIFJTA==",
			"cpu": [
				"arm64"
			],
			"dev": true,
			"optional": true,
			"os": [
				"darwin"
			]
		},
		"node_modules/lefthook-darwin-x64": {
			"version": "1.7.5",
			"resolved": "https://registry.npmjs.org/lefthook-darwin-x64/-/lefthook-darwin-x64-1.7.5.tgz",
			"integrity": "sha512-btSMGOx3/+dOezHU60OOgpBavSkw9Ixy4QPiYyBaE1cor/OxKS/xeeM+WaDzk9+gIKF/NGsv7om1mR4HexmuBA==",
			"cpu": [
				"x64"
			],
			"dev": true,
			"optional": true,
			"os": [
				"darwin"
			]
		},
		"node_modules/lefthook-freebsd-arm64": {
			"version": "1.7.5",
			"resolved": "https://registry.npmjs.org/lefthook-freebsd-arm64/-/lefthook-freebsd-arm64-1.7.5.tgz",
			"integrity": "sha512-A0AonnDnllfOYXqXDhBWRSZRqayQd2rvKSW1w6ABfYfbQTLokdVO7Og8RYjuE72h38yaCf0SR7UA5PlO+IxS3g==",
			"cpu": [
				"arm64"
			],
			"dev": true,
			"optional": true,
			"os": [
				"freebsd"
			]
		},
		"node_modules/lefthook-freebsd-x64": {
			"version": "1.7.5",
			"resolved": "https://registry.npmjs.org/lefthook-freebsd-x64/-/lefthook-freebsd-x64-1.7.5.tgz",
			"integrity": "sha512-oUWuTE1Q40dHetRZS9e8kPDb9tr0WnXpDPzml9h5n12UmaOFqdBawyw7YIto/dCLgnX/9pFsIumAJnvG8/yvDg==",
			"cpu": [
				"x64"
			],
			"dev": true,
			"optional": true,
			"os": [
				"freebsd"
			]
		},
		"node_modules/lefthook-linux-arm64": {
			"version": "1.7.5",
			"resolved": "https://registry.npmjs.org/lefthook-linux-arm64/-/lefthook-linux-arm64-1.7.5.tgz",
			"integrity": "sha512-EBNepIJnm07BTWtZd1f8xUetaFivDyf2eXUAedVUAxpW4db4RXnqE76/kHYhKxr+6f8fRdqXA/qqbKhSre+yWg==",
			"cpu": [
				"arm64"
			],
			"dev": true,
			"optional": true,
			"os": [
				"linux"
			]
		},
		"node_modules/lefthook-linux-x64": {
			"version": "1.7.5",
			"resolved": "https://registry.npmjs.org/lefthook-linux-x64/-/lefthook-linux-x64-1.7.5.tgz",
			"integrity": "sha512-a1hBVmzJgqYp8CmvCanjGt2rVLnFH3KBAA4V+CiA/IZwwHxVPqMZVjHzcIu1cYE+82PUFaxcKo46xFA/L0VzpA==",
			"cpu": [
				"x64"
			],
			"dev": true,
			"optional": true,
			"os": [
				"linux"
			]
		},
		"node_modules/lefthook-windows-arm64": {
			"version": "1.7.5",
			"resolved": "https://registry.npmjs.org/lefthook-windows-arm64/-/lefthook-windows-arm64-1.7.5.tgz",
			"integrity": "sha512-Haxf+R/NTag6ou7jpuEmht/X9pkpCiBt7GNFNqmCOQZiXdtv4hphzrt+deQPRdvIUCxY1ymHzxN07wdiF0ivhw==",
			"cpu": [
				"arm64"
			],
			"dev": true,
			"optional": true,
			"os": [
				"win32"
			]
		},
		"node_modules/lefthook-windows-x64": {
			"version": "1.7.5",
			"resolved": "https://registry.npmjs.org/lefthook-windows-x64/-/lefthook-windows-x64-1.7.5.tgz",
			"integrity": "sha512-Jg1QD0We3uXZBhD66tgeo3WL/hZ3ATGMGrLiBIWAB2lU+/D29YVvVVouv2xOoqLOBE/B/NWNShH9ldx71UvljQ==",
			"cpu": [
				"x64"
			],
			"dev": true,
			"optional": true,
			"os": [
				"win32"
			]
		},
		"node_modules/minimatch": {
			"version": "3.1.2",
			"resolved": "https://registry.npmjs.org/minimatch/-/minimatch-3.1.2.tgz",
			"integrity": "sha512-J7p63hRiAjw1NDEww1W7i37+ByIrOWO5XQQAzZ3VOcL0PNybwpfmV/N05zFAzwQ9USyEcX6t3UO+K5aqBQOIHw==",
			"dev": true,
			"dependencies": {
				"brace-expansion": "^1.1.7"
			},
			"engines": {
				"node": "*"
			}
		},
		"node_modules/minimist": {
			"version": "1.2.8",
			"resolved": "https://registry.npmjs.org/minimist/-/minimist-1.2.8.tgz",
			"integrity": "sha512-2yyAR8qBkN3YuheJanUpWC5U3bb5osDywNB8RzDVlDwDHbocAJveqqj1u8+SVD7jkWT4yvsHCpWqqWqAxb0zCA==",
			"dev": true,
			"funding": {
				"url": "https://github.com/sponsors/ljharb"
			}
		},
		"node_modules/once": {
			"version": "1.4.0",
			"resolved": "https://registry.npmjs.org/once/-/once-1.4.0.tgz",
			"integrity": "sha512-lNaJgI+2Q5URQBkccEKHTQOPaXdUxnZZElQTZY0MFUAuaEqe1E+Nyvgdz/aIyNi6Z9MzO5dv1H8n58/GELp3+w==",
			"dev": true,
			"dependencies": {
				"wrappy": "1"
			}
		},
		"node_modules/path-is-absolute": {
			"version": "1.0.1",
			"resolved": "https://registry.npmjs.org/path-is-absolute/-/path-is-absolute-1.0.1.tgz",
			"integrity": "sha512-AVbw3UJ2e9bq64vSaS9Am0fje1Pa8pbGqTTsmXfaIiMpnr5DlDhfJOuLj9Sf95ZPVDAUerDfEk88MPmPe7UCQg==",
			"dev": true,
			"engines": {
				"node": ">=0.10.0"
			}
		},
		"node_modules/path-parse": {
			"version": "1.0.7",
			"resolved": "https://registry.npmjs.org/path-parse/-/path-parse-1.0.7.tgz",
			"integrity": "sha512-LDJzPVEEEPR+y48z93A0Ed0yXb8pAByGWo/k5YYdYgpY2/2EsOsksJrq7lOHxryrVOn1ejG6oAp8ahvOIQD8sw==",
			"dev": true
		},
		"node_modules/rechoir": {
			"version": "0.6.2",
			"resolved": "https://registry.npmjs.org/rechoir/-/rechoir-0.6.2.tgz",
			"integrity": "sha512-HFM8rkZ+i3zrV+4LQjwQ0W+ez98pApMGM3HUrN04j3CqzPOzl9nmP15Y8YXNm8QHGv/eacOVEjqhmWpkRV0NAw==",
			"dev": true,
			"dependencies": {
				"resolve": "^1.1.6"
			},
			"engines": {
				"node": ">= 0.10"
			}
		},
		"node_modules/resolve": {
			"version": "1.22.8",
			"resolved": "https://registry.npmjs.org/resolve/-/resolve-1.22.8.tgz",
			"integrity": "sha512-oKWePCxqpd6FlLvGV1VU0x7bkPmmCNolxzjMf4NczoDnQcIWrAF+cPtZn5i6n+RfD2d9i0tzpKnG6Yk168yIyw==",
			"dev": true,
			"dependencies": {
				"is-core-module": "^2.13.0",
				"path-parse": "^1.0.7",
				"supports-preserve-symlinks-flag": "^1.0.0"
			},
			"bin": {
				"resolve": "bin/resolve"
			},
			"funding": {
				"url": "https://github.com/sponsors/ljharb"
			}
		},
		"node_modules/shelljs": {
			"version": "0.8.5",
			"resolved": "https://registry.npmjs.org/shelljs/-/shelljs-0.8.5.tgz",
			"integrity": "sha512-TiwcRcrkhHvbrZbnRcFYMLl30Dfov3HKqzp5tO5b4pt6G/SezKcYhmDg15zXVBswHmctSAQKznqNW2LO5tTDow==",
			"dev": true,
			"dependencies": {
				"glob": "^7.0.0",
				"interpret": "^1.0.0",
				"rechoir": "^0.6.2"
			},
			"bin": {
				"shjs": "bin/shjs"
			},
			"engines": {
				"node": ">=4"
			}
		},
		"node_modules/shx": {
			"version": "0.3.4",
			"resolved": "https://registry.npmjs.org/shx/-/shx-0.3.4.tgz",
			"integrity": "sha512-N6A9MLVqjxZYcVn8hLmtneQWIJtp8IKzMP4eMnx+nqkvXoqinUPCbUFLp2UcWTEIUONhlk0ewxr/jaVGlc+J+g==",
			"dev": true,
			"dependencies": {
				"minimist": "^1.2.3",
				"shelljs": "^0.8.5"
			},
			"bin": {
				"shx": "lib/cli.js"
			},
			"engines": {
				"node": ">=6"
			}
		},
		"node_modules/supports-preserve-symlinks-flag": {
			"version": "1.0.0",
			"resolved": "https://registry.npmjs.org/supports-preserve-symlinks-flag/-/supports-preserve-symlinks-flag-1.0.0.tgz",
			"integrity": "sha512-ot0WnXS9fgdkgIcePe6RHNk1WA8+muPa6cSjeR3V8K27q9BB1rTE3R1p7Hv0z1ZyAc8s6Vvv8DIyWf681MAt0w==",
			"dev": true,
			"engines": {
				"node": ">= 0.4"
			},
			"funding": {
				"url": "https://github.com/sponsors/ljharb"
			}
		},
		"node_modules/typescript": {
			"version": "5.5.4",
			"resolved": "https://registry.npmjs.org/typescript/-/typescript-5.5.4.tgz",
			"integrity": "sha512-Mtq29sKDAEYP7aljRgtPOpTvOfbwRWlS6dPRzwjdE+C0R4brX/GUyhHSecbHMFLNBLcJIPt9nl9yG5TZ1weH+Q==",
			"dev": true,
			"license": "Apache-2.0",
			"bin": {
				"tsc": "bin/tsc",
				"tsserver": "bin/tsserver"
			},
			"engines": {
				"node": ">=14.17"
			}
		},
		"node_modules/undici-types": {
			"version": "5.26.5",
			"resolved": "https://registry.npmjs.org/undici-types/-/undici-types-5.26.5.tgz",
			"integrity": "sha512-JlCMO+ehdEIKqlFxk6IfVoAUVmgz7cU7zD/h9XZ0qzeosSHmUJVOzSQvvYSYWXkFXC+IfLKSIffhv0sVZup6pA==",
			"dev": true
		},
		"node_modules/uuid-random": {
			"version": "1.3.2",
			"resolved": "https://registry.npmjs.org/uuid-random/-/uuid-random-1.3.2.tgz",
			"integrity": "sha512-UOzej0Le/UgkbWEO8flm+0y+G+ljUon1QWTEZOq1rnMAsxo2+SckbiZdKzAHHlVh6gJqI1TjC/xwgR50MuCrBQ=="
		},
		"node_modules/wrappy": {
			"version": "1.0.2",
			"resolved": "https://registry.npmjs.org/wrappy/-/wrappy-1.0.2.tgz",
			"integrity": "sha512-l4Sp/DRseor9wL6EvV2+TuQn63dMkPjZ/sp9XkghTEbV9KlPS1xUsZ3u7/IQO4wxtcFB4bgpQPRcR3QCvezPcQ==",
			"dev": true
		},
		"node_modules/zod": {
			"version": "3.23.8",
			"resolved": "https://registry.npmjs.org/zod/-/zod-3.23.8.tgz",
			"integrity": "sha512-XBx9AXhXktjUqnepgTiE5flcKIYWi/rme0Eaj+5Y0lftuGBq+jyRu/md4WnuxqgP1ubdpNCsYEYPxrzVHD8d6g==",
			"funding": {
				"url": "https://github.com/sponsors/colinhacks"
			}
		},
		"packages/cli": {
			"name": "@sofash/cli",
			"dependencies": {
				"consola": "^3.2.3",
				"date-fns": "^3.6.0",
				"date-fns-tz": "^3.1.3",
				"ical-generator": "^7.1.0",
				"zod": "^3.23.8"
			},
			"devDependencies": {
				"@total-typescript/ts-reset": "^0.5.1",
				"@types/node": "^20.12.7",
				"shx": "^0.3.4",
				"typescript": "^5.4.5"
			}
		}
	}
}
